{
    "name": "flow-sample",
    "version": "1.0.0",
    "lockfileVersion": 3,
    "requires": true,
    "packages": {
        "": {
            "name": "flow-sample",
            "version": "1.0.0",
            "license": "ISC",
            "devDependencies": {
                "flow-bin": "^0.239.0",
                "flow-remove-types": "^2.239.0"
            }
        },
        "node_modules/flow-bin": {
            "version": "0.239.1",
            "resolved": "https://registry.npmjs.org/flow-bin/-/flow-bin-0.239.1.tgz",
            "integrity": "sha512-cOfqvzHBjFwiRBKRjbzWpc4psLEv+HBFR6lCsRVuc+Gvc0XSDOYU2BDaAWWXNi4ynBIsM8QAk4SD6Ul/IXNSdw==",
            "dev": true,
            "license": "MIT",
            "bin": {
                "flow": "cli.js"
            },
            "engines": {
                "node": ">=0.10.0"
            }
        },
        "node_modules/flow-remove-types": {
            "version": "2.251.1",
            "resolved": "https://registry.npmjs.org/flow-remove-types/-/flow-remove-types-2.251.1.tgz",
            "integrity": "sha512-L/wqaKSH6lkEQoaRVAALW0lBrwxmb96NkS/ahkyj9DeM3WQR2UtrpSoB0cyN9ZE4OxazAKcH1/wsgE3/JJvd5w==",
            "dev": true,
            "license": "MIT",
            "dependencies": {
                "hermes-parser": "0.24.0",
                "pirates": "^3.0.2",
                "vlq": "^0.2.1"
            },
            "bin": {
                "flow-node": "flow-node",
                "flow-remove-types": "flow-remove-types"
            },
            "engines": {
                "node": ">=4"
            }
        },
        "node_modules/hermes-estree": {
            "version": "0.24.0",
            "resolved": "https://registry.npmjs.org/hermes-estree/-/hermes-estree-0.24.0.tgz",
            "integrity": "sha512-LyoXLB7IFzeZW0EvAbGZacbxBN7t6KKSDqFJPo3Ydow7wDlrDjXwsdiAHV6XOdvEN9MEuWXsSIFN4tzpyrXIHw==",
            "dev": true,
            "license": "MIT"
        },
        "node_modules/hermes-parser": {
            "version": "0.24.0",
            "resolved": "https://registry.npmjs.org/hermes-parser/-/hermes-parser-0.24.0.tgz",
            "integrity": "sha512-IJooSvvu2qNRe7oo9Rb04sUT4omtZqZqf9uq9WM25Tb6v3usmvA93UqfnnoWs5V0uYjEl9Al6MNU10MCGKLwpg==",
            "dev": true,
            "license": "MIT",
            "dependencies": {
                "hermes-estree": "0.24.0"
            }
        },
        "node_modules/node-modules-regexp": {
            "version": "1.0.0",
            "resolved": "https://registry.npmjs.org/node-modules-regexp/-/node-modules-regexp-1.0.0.tgz",
            "integrity": "sha512-JMaRS9L4wSRIR+6PTVEikTrq/lMGEZR43a48ETeilY0Q0iMwVnccMFrUM1k+tNzmYuIU0Vh710bCUqHX+/+ctQ==",
            "dev": true,
            "license": "MIT",
            "engines": {
                "node": ">=0.10.0"
            }
        },
        "node_modules/pirates": {
            "version": "3.0.2",
            "resolved": "https://registry.npmjs.org/pirates/-/pirates-3.0.2.tgz",
            "integrity": "sha512-c5CgUJq6H2k6MJz72Ak1F5sN9n9wlSlJyEnwvpm9/y3WB4E3pHBDT2c6PEiS1vyJvq2bUxUAIu0EGf8Cx4Ic7Q==",
            "dev": true,
            "license": "MIT",
            "dependencies": {
                "node-modules-regexp": "^1.0.0"
            },
            "engines": {
                "node": ">= 4"
            }
        },
        "node_modules/vlq": {
            "version": "0.2.3",
            "resolved": "https://registry.npmjs.org/vlq/-/vlq-0.2.3.tgz",
            "integrity": "sha512-DRibZL6DsNhIgYQ+wNdWDL2SL3bKPlVrRiBqV5yuMm++op8W4kGFtaQfCs4KEJn0wBZcHVHJ3eoywX8983k1ow==",
            "dev": true,
            "license": "MIT"
        }
    }
}
